
Microsoft Visual Studio Solution File, Format Version 12.00
# Visual Studio Version 16
VisualStudioVersion = 16.0.30804.86
MinimumVisualStudioVersion = 10.0.40219.1
Project("{9A19103F-16F7-4668-BE54-9A1E7A4F7556}") = "TestSolution", "TestSolution\TestSolution.csproj", "{07E3444F-2C01-466D-8C1E-7AE1518E4D98}"
EndProject
Project("{FAE04EC0-301F-11D3-BF4B-00C04F79EFBC}") = "TestSolution.Data", "TestSolution.Data\TestSolution.Data.csproj", "{859C76D5-6105-46CB-BF27-125A7927D05A}"
EndProject
Global
	GlobalSection(SolutionConfigurationPlatforms) = preSolution
		Debug|Any CPU = Debug|Any CPU
		Release|Any CPU = Release|Any CPU
	EndGlobalSection
	GlobalSection(ProjectConfigurationPlatforms) = postSolution
		{07E3444F-2C01-466D-8C1E-7AE1518E4D98}.Debug|Any CPU.ActiveCfg = Debug|Any CPU
		{07E3444F-2C01-466D-8C1E-7AE1518E4D98}.Debug|Any CPU.Build.0 = Debug|Any CPU
		{07E3444F-2C01-466D-8C1E-7AE1518E4D98}.Release|Any CPU.ActiveCfg = Release|Any CPU
		{07E3444F-2C01-466D-8C1E-7AE1518E4D98}.Release|Any CPU.Build.0 = Release|Any CPU
		{859C76D5-6105-46CB-BF27-125A7927D05A}.Debug|Any CPU.ActiveCfg = Debug|Any CPU
		{859C76D5-6105-46CB-BF27-125A7927D05A}.Debug|Any CPU.Build.0 = Debug|Any CPU
		{859C76D5-6105-46CB-BF27-125A7927D05A}.Release|Any CPU.ActiveCfg = Release|Any CPU
		{859C76D5-6105-46CB-BF27-125A7927D05A}.Release|Any CPU.Build.0 = Release|Any CPU
	EndGlobalSection
	GlobalSection(SolutionProperties) = preSolution
		HideSolutionNode = FALSE
	EndGlobalSection
	GlobalSection(ExtensibilityGlobals) = postSolution
		SolutionGuid = {F64F0B9B-FE34-4F3D-9D4D-8A89A8924A4A}
	EndGlobalSection
EndGlobal
